
Microsoft Visual Studio Solution File, Format Version 12.00
# Visual Studio Version 17
VisualStudioVersion = 17.10.35122.118
MinimumVisualStudioVersion = 10.0.40219.1
Project("{FAE04EC0-301F-11D3-BF4B-00C04F79EFBC}") = "BookAPI", "BookAPI\BookAPI.csproj", "{9C4FC778-D5A1-443A-915B-2DEB47784C3D}"
EndProject
Global
	GlobalSection(SolutionConfigurationPlatforms) = preSolution
		Debug|Any CPU = Debug|Any CPU
		Release|Any CPU = Release|Any CPU
	EndGlobalSection
	GlobalSection(ProjectConfigurationPlatforms) = postSolution
		{9C4FC778-D5A1-443A-915B-2DEB47784C3D}.Debug|Any CPU.ActiveCfg = Debug|Any CPU
		{9C4FC778-D5A1-443A-915B-2DEB47784C3D}.Debug|Any CPU.Build.0 = Debug|Any CPU
		{9C4FC778-D5A1-443A-915B-2DEB47784C3D}.Release|Any CPU.ActiveCfg = Release|Any CPU
		{9C4FC778-D5A1-443A-915B-2DEB47784C3D}.Release|Any CPU.Build.0 = Release|Any CPU
	EndGlobalSection
	GlobalSection(SolutionProperties) = preSolution
		HideSolutionNode = FALSE
	EndGlobalSection
	GlobalSection(ExtensibilityGlobals) = postSolution
		SolutionGuid = {719829D2-0166-480F-ABA7-C8EC6D886952}
	EndGlobalSection
EndGlobal
